// !$*UTF8*$!
{
	archiveVersion = 1;
	classes = {
	};
	objectVersion = 48;
	objects = {

/* Begin PBXBuildFile section */
		874AF24A2161FB06003E4002 /* AppDelegate.swift in Sources */ = {isa = PBXBuildFile; fileRef = 874AF2492161FB06003E4002 /* AppDelegate.swift */; };
		874AF24C2161FB06003E4002 /* MasterViewController.swift in Sources */ = {isa = PBXBuildFile; fileRef = 874AF24B2161FB06003E4002 /* MasterViewController.swift */; };
		874AF24E2161FB06003E4002 /* DetailViewController.swift in Sources */ = {isa = PBXBuildFile; fileRef = 874AF24D2161FB06003E4002 /* DetailViewController.swift */; };
		874AF2512161FB06003E4002 /* Main.storyboard in Resources */ = {isa = PBXBuildFile; fileRef = 874AF24F2161FB06003E4002 /* Main.storyboard */; };
		874AF2532161FB06003E4002 /* Assets.xcassets in Resources */ = {isa = PBXBuildFile; fileRef = 874AF2522161FB06003E4002 /* Assets.xcassets */; };
		874AF2562161FB06003E4002 /* LaunchScreen.storyboard in Resources */ = {isa = PBXBuildFile; fileRef = 874AF2542161FB06003E4002 /* LaunchScreen.storyboard */; };
		874AF2612161FB06003E4002 /* SplitViewCasiniTests.swift in Sources */ = {isa = PBXBuildFile; fileRef = 874AF2602161FB06003E4002 /* SplitViewCasiniTests.swift */; };
/* End PBXBuildFile section */

/* Begin PBXContainerItemProxy section */
		874AF25D2161FB06003E4002 /* PBXContainerItemProxy */ = {
			isa = PBXContainerItemProxy;
			containerPortal = 874AF23E2161FB06003E4002 /* Project object */;
			proxyType = 1;
			remoteGlobalIDString = 874AF2452161FB06003E4002;
			remoteInfo = SplitViewCasini;
		};
/* End PBXContainerItemProxy section */

/* Begin PBXFileReference section */
		874AF2462161FB06003E4002 /* SplitViewCasini.app */ = {isa = PBXFileReference; explicitFileType = wrapper.application; includeInIndex = 0; path = SplitViewCasini.app; sourceTree = BUILT_PRODUCTS_DIR; };
		874AF2492161FB06003E4002 /* AppDelegate.swift */ = {isa = PBXFileReference; lastKnownFileType = sourcecode.swift; path = AppDelegate.swift; sourceTree = "<group>"; };
		874AF24B2161FB06003E4002 /* MasterViewController.swift */ = {isa = PBXFileReference; lastKnownFileType = sourcecode.swift; path = MasterViewController.swift; sourceTree = "<group>"; };
		874AF24D2161FB06003E4002 /* DetailViewController.swift */ = {isa = PBXFileReference; lastKnownFileType = sourcecode.swift; path = DetailViewController.swift; sourceTree = "<group>"; };
		874AF2502161FB06003E4002 /* Base */ = {isa = PBXFileReference; lastKnownFileType = file.storyboard; name = Base; path = Base.lproj/Main.storyboard; sourceTree = "<group>"; };
		874AF2522161FB06003E4002 /* Assets.xcassets */ = {isa = PBXFileReference; lastKnownFileType = folder.assetcatalog; path = Assets.xcassets; sourceTree = "<group>"; };
		874AF2552161FB06003E4002 /* Base */ = {isa = PBXFileReference; lastKnownFileType = file.storyboard; name = Base; path = Base.lproj/LaunchScreen.storyboard; sourceTree = "<group>"; };
		874AF2572161FB06003E4002 /* Info.plist */ = {isa = PBXFileReference; lastKnownFileType = text.plist.xml; path = Info.plist; sourceTree = "<group>"; };
		874AF25C2161FB06003E4002 /* SplitViewCasiniTests.xctest */ = {isa = PBXFileReference; explicitFileType = wrapper.cfbundle; includeInIndex = 0; path = SplitViewCasiniTests.xctest; sourceTree = BUILT_PRODUCTS_DIR; };
		874AF2602161FB06003E4002 /* SplitViewCasiniTests.swift */ = {isa = PBXFileReference; lastKnownFileType = sourcecode.swift; path = SplitViewCasiniTests.swift; sourceTree = "<group>"; };
		874AF2622161FB06003E4002 /* Info.plist */ = {isa = PBXFileReference; lastKnownFileType = text.plist.xml; path = Info.plist; sourceTree = "<group>"; };
/* End PBXFileReference section */

/* Begin PBXFrameworksBuildPhase section */
		874AF2432161FB06003E4002 /* Frameworks */ = {
			isa = PBXFrameworksBuildPhase;
			buildActionMask = 2147483647;
			files = (
			);
			runOnlyForDeploymentPostprocessing = 0;
		};
		874AF2592161FB06003E4002 /* Frameworks */ = {
			isa = PBXFrameworksBuildPhase;
			buildActionMask = 2147483647;
			files = (
			);
			runOnlyForDeploymentPostprocessing = 0;
		};
/* End PBXFrameworksBuildPhase section */

/* Begin PBXGroup section */
		874AF23D2161FB06003E4002 = {
			isa = PBXGroup;
			children = (
				874AF2482161FB06003E4002 /* SplitViewCasini */,
				874AF25F2161FB06003E4002 /* SplitViewCasiniTests */,
				874AF2472161FB06003E4002 /* Products */,
			);
			sourceTree = "<group>";
		};
		874AF2472161FB06003E4002 /* Products */ = {
			isa = PBXGroup;
			children = (
				874AF2462161FB06003E4002 /* SplitViewCasini.app */,
				874AF25C2161FB06003E4002 /* SplitViewCasiniTests.xctest */,
			);
			name = Products;
			sourceTree = "<group>";
		};
		874AF2482161FB06003E4002 /* SplitViewCasini */ = {
			isa = PBXGroup;
			children = (
				874AF2492161FB06003E4002 /* AppDelegate.swift */,
				874AF24B2161FB06003E4002 /* MasterViewController.swift */,
				874AF24D2161FB06003E4002 /* DetailViewController.swift */,
				874AF24F2161FB06003E4002 /* Main.storyboard */,
				874AF2522161FB06003E4002 /* Assets.xcassets */,
				874AF2542161FB06003E4002 /* LaunchScreen.storyboard */,
				874AF2572161FB06003E4002 /* Info.plist */,
			);
			path = SplitViewCasini;
			sourceTree = "<group>";
		};
		874AF25F2161FB06003E4002 /* SplitViewCasiniTests */ = {
			isa = PBXGroup;
			children = (
				874AF2602161FB06003E4002 /* SplitViewCasiniTests.swift */,
				874AF2622161FB06003E4002 /* Info.plist */,
			);
			path = SplitViewCasiniTests;
			sourceTree = "<group>";
		};
/* End PBXGroup section */

/* Begin PBXNativeTarget section */
		874AF2452161FB06003E4002 /* SplitViewCasini */ = {
			isa = PBXNativeTarget;
			buildConfigurationList = 874AF2652161FB06003E4002 /* Build configuration list for PBXNativeTarget "SplitViewCasini" */;
			buildPhases = (
				874AF2422161FB06003E4002 /* Sources */,
				874AF2432161FB06003E4002 /* Frameworks */,
				874AF2442161FB06003E4002 /* Resources */,
			);
			buildRules = (
			);
			dependencies = (
			);
			name = SplitViewCasini;
			productName = SplitViewCasini;
			productReference = 874AF2462161FB06003E4002 /* SplitViewCasini.app */;
			productType = "com.apple.product-type.application";
		};
		874AF25B2161FB06003E4002 /* SplitViewCasiniTests */ = {
			isa = PBXNativeTarget;
			buildConfigurationList = 874AF2682161FB06003E4002 /* Build configuration list for PBXNativeTarget "SplitViewCasiniTests" */;
			buildPhases = (
				874AF2582161FB06003E4002 /* Sources */,
				874AF2592161FB06003E4002 /* Frameworks */,
				874AF25A2161FB06003E4002 /* Resources */,
			);
			buildRules = (
			);
			dependencies = (
				874AF25E2161FB06003E4002 /* PBXTargetDependency */,
			);
			name = SplitViewCasiniTests;
			productName = SplitViewCasiniTests;
			productReference = 874AF25C2161FB06003E4002 /* SplitViewCasiniTests.xctest */;
			productType = "com.apple.product-type.bundle.unit-test";
		};
/* End PBXNativeTarget section */

/* Begin PBXProject section */
		874AF23E2161FB06003E4002 /* Project object */ = {
			isa = PBXProject;
			attributes = {
				LastSwiftUpdateCheck = 0920;
				LastUpgradeCheck = 0920;
				ORGANIZATIONNAME = TrungCatun;
				TargetAttributes = {
					874AF2452161FB06003E4002 = {
						CreatedOnToolsVersion = 9.2;
						ProvisioningStyle = Automatic;
					};
					874AF25B2161FB06003E4002 = {
						CreatedOnToolsVersion = 9.2;
						ProvisioningStyle = Automatic;
						TestTargetID = 874AF2452161FB06003E4002;
					};
				};
			};
			buildConfigurationList = 874AF2412161FB06003E4002 /* Build configuration list for PBXProject "SplitViewCasini" */;
			compatibilityVersion = "Xcode 8.0";
			developmentRegion = en;
			hasScannedForEncodings = 0;
			knownRegions = (
				en,
				Base,
			);
			mainGroup = 874AF23D2161FB06003E4002;
			productRefGroup = 874AF2472161FB06003E4002 /* Products */;
			projectDirPath = "";
			projectRoot = "";
			targets = (
				874AF2452161FB06003E4002 /* SplitViewCasini */,
				874AF25B2161FB06003E4002 /* SplitViewCasiniTests */,
			);
		};
/* End PBXProject section */

/* Begin PBXResourcesBuildPhase section */
		874AF2442161FB06003E4002 /* Resources */ = {
			isa = PBXResourcesBuildPhase;
			buildActionMask = 2147483647;
			files = (
				874AF2562161FB06003E4002 /* LaunchScreen.storyboard in Resources */,
				874AF2532161FB06003E4002 /* Assets.xcassets in Resources */,
				874AF2512161FB06003E4002 /* Main.storyboard in Resources */,
			);
			runOnlyForDeploymentPostprocessing = 0;
		};
		874AF25A2161FB06003E4002 /* Resources */ = {
			isa = PBXResourcesBuildPhase;
			buildActionMask = 2147483647;
			files = (
			);
			runOnlyForDeploymentPostprocessing = 0;
		};
/* End PBXResourcesBuildPhase section */

/* Begin PBXSourcesBuildPhase section */
		874AF2422161FB06003E4002 /* Sources */ = {
			isa = PBXSourcesBuildPhase;
			buildActionMask = 2147483647;
			files = (
				874AF24E2161FB06003E4002 /* DetailViewController.swift in Sources */,
				874AF24C2161FB06003E4002 /* MasterViewController.swift in Sources */,
				874AF24A2161FB06003E4002 /* AppDelegate.swift in Sources */,
			);
			runOnlyForDeploymentPostprocessing = 0;
		};
		874AF2582161FB06003E4002 /* Sources */ = {
			isa = PBXSourcesBuildPhase;
			buildActionMask = 2147483647;
			files = (
				874AF2612161FB06003E4002 /* SplitViewCasiniTests.swift in Sources */,
			);
			runOnlyForDeploymentPostprocessing = 0;
		};
/* End PBXSourcesBuildPhase section */

/* Begin PBXTargetDependency section */
		874AF25E2161FB06003E4002 /* PBXTargetDependency */ = {
			isa = PBXTargetDependency;
			target = 874AF2452161FB06003E4002 /* SplitViewCasini */;
			targetProxy = 874AF25D2161FB06003E4002 /* PBXContainerItemProxy */;
		};
/* End PBXTargetDependency section */

/* Begin PBXVariantGroup section */
		874AF24F2161FB06003E4002 /* Main.storyboard */ = {
			isa = PBXVariantGroup;
			children = (
				874AF2502161FB06003E4002 /* Base */,
			);
			name = Main.storyboard;
			sourceTree = "<group>";
		};
		874AF2542161FB06003E4002 /* LaunchScreen.storyboard */ = {
			isa = PBXVariantGroup;
			children = (
				874AF2552161FB06003E4002 /* Base */,
			);
			name = LaunchScreen.storyboard;
			sourceTree = "<group>";
		};
/* End PBXVariantGroup section */

/* Begin XCBuildConfiguration section */
		874AF2632161FB06003E4002 /* Debug */ = {
			isa = XCBuildConfiguration;
			buildSettings = {
				ALWAYS_SEARCH_USER_PATHS = NO;
				CLANG_ANALYZER_NONNULL = YES;
				CLANG_ANALYZER_NUMBER_OBJECT_CONVERSION = YES_AGGRESSIVE;
				CLANG_CXX_LANGUAGE_STANDARD = "gnu++14";
				CLANG_CXX_LIBRARY = "libc++";
				CLANG_ENABLE_MODULES = YES;
				CLANG_ENABLE_OBJC_ARC = YES;
				CLANG_WARN_BLOCK_CAPTURE_AUTORELEASING = YES;
				CLANG_WARN_BOOL_CONVERSION = YES;
				CLANG_WARN_COMMA = YES;
				CLANG_WARN_CONSTANT_CONVERSION = YES;
				CLANG_WARN_DIRECT_OBJC_ISA_USAGE = YES_ERROR;
				CLANG_WARN_DOCUMENTATION_COMMENTS = YES;
				CLANG_WARN_EMPTY_BODY = YES;
				CLANG_WARN_ENUM_CONVERSION = YES;
				CLANG_WARN_INFINITE_RECURSION = YES;
				CLANG_WARN_INT_CONVERSION = YES;
				CLANG_WARN_NON_LITERAL_NULL_CONVERSION = YES;
				CLANG_WARN_OBJC_LITERAL_CONVERSION = YES;
				CLANG_WARN_OBJC_ROOT_CLASS = YES_ERROR;
				CLANG_WARN_RANGE_LOOP_ANALYSIS = YES;
				CLANG_WARN_STRICT_PROTOTYPES = YES;
				CLANG_WARN_SUSPICIOUS_MOVE = YES;
				CLANG_WARN_UNGUARDED_AVAILABILITY = YES_AGGRESSIVE;
				CLANG_WARN_UNREACHABLE_CODE = YES;
				CLANG_WARN__DUPLICATE_METHOD_MATCH = YES;
				CODE_SIGN_IDENTITY = "iPhone Developer";
				COPY_PHASE_STRIP = NO;
				DEBUG_INFORMATION_FORMAT = dwarf;
				ENABLE_STRICT_OBJC_MSGSEND = YES;
				ENABLE_TESTABILITY = YES;
				GCC_C_LANGUAGE_STANDARD = gnu11;
				GCC_DYNAMIC_NO_PIC = NO;
				GCC_NO_COMMON_BLOCKS = YES;
				GCC_OPTIMIZATION_LEVEL = 0;
				GCC_PREPROCESSOR_DEFINITIONS = (
					"DEBUG=1",
					"$(inherited)",
				);
				GCC_WARN_64_TO_32_BIT_CONVERSION = YES;
				GCC_WARN_ABOUT_RETURN_TYPE = YES_ERROR;
				GCC_WARN_UNDECLARED_SELECTOR = YES;
				GCC_WARN_UNINITIALIZED_AUTOS = YES_AGGRESSIVE;
				GCC_WARN_UNUSED_FUNCTION = YES;
				GCC_WARN_UNUSED_VARIABLE = YES;
				IPHONEOS_DEPLOYMENT_TARGET = 11.2;
				MTL_ENABLE_DEBUG_INFO = YES;
				ONLY_ACTIVE_ARCH = YES;
				SDKROOT = iphoneos;
				SWIFT_ACTIVE_COMPILATION_CONDITIONS = DEBUG;
				SWIFT_OPTIMIZATION_LEVEL = "-Onone";
			};
			name = Debug;
		};
		874AF2642161FB06003E4002 /* Release */ = {
			isa = XCBuildConfiguration;
			buildSettings = {
				ALWAYS_SEARCH_USER_PATHS = NO;
				CLANG_ANALYZER_NONNULL = YES;
				CLANG_ANALYZER_NUMBER_OBJECT_CONVERSION = YES_AGGRESSIVE;
				CLANG_CXX_LANGUAGE_STANDARD = "gnu++14";
				CLANG_CXX_LIBRARY = "libc++";
				CLANG_ENABLE_MODULES = YES;
				CLANG_ENABLE_OBJC_ARC = YES;
				CLANG_WARN_BLOCK_CAPTURE_AUTORELEASING = YES;
				CLANG_WARN_BOOL_CONVERSION = YES;
				CLANG_WARN_COMMA = YES;
				CLANG_WARN_CONSTANT_CONVERSION = YES;
				CLANG_WARN_DIRECT_OBJC_ISA_USAGE = YES_ERROR;
				CLANG_WARN_DOCUMENTATION_COMMENTS = YES;
				CLANG_WARN_EMPTY_BODY = YES;
				CLANG_WARN_ENUM_CONVERSION = YES;
				CLANG_WARN_INFINITE_RECURSION = YES;
				CLANG_WARN_INT_CONVERSION = YES;
				CLANG_WARN_NON_LITERAL_NULL_CONVERSION = YES;
				CLANG_WARN_OBJC_LITERAL_CONVERSION = YES;
				CLANG_WARN_OBJC_ROOT_CLASS = YES_ERROR;
				CLANG_WARN_RANGE_LOOP_ANALYSIS = YES;
				CLANG_WARN_STRICT_PROTOTYPES = YES;
				CLANG_WARN_SUSPICIOUS_MOVE = YES;
				CLANG_WARN_UNGUARDED_AVAILABILITY = YES_AGGRESSIVE;
				CLANG_WARN_UNREACHABLE_CODE = YES;
				CLANG_WARN__DUPLICATE_METHOD_MATCH = YES;
				CODE_SIGN_IDENTITY = "iPhone Developer";
				COPY_PHASE_STRIP = NO;
				DEBUG_INFORMATION_FORMAT = "dwarf-with-dsym";
				ENABLE_NS_ASSERTIONS = NO;
				ENABLE_STRICT_OBJC_MSGSEND = YES;
				GCC_C_LANGUAGE_STANDARD = gnu11;
				GCC_NO_COMMON_BLOCKS = YES;
				GCC_WARN_64_TO_32_BIT_CONVERSION = YES;
				GCC_WARN_ABOUT_RETURN_TYPE = YES_ERROR;
				GCC_WARN_UNDECLARED_SELECTOR = YES;
				GCC_WARN_UNINITIALIZED_AUTOS = YES_AGGRESSIVE;
				GCC_WARN_UNUSED_FUNCTION = YES;
				GCC_WARN_UNUSED_VARIABLE = YES;
				IPHONEOS_DEPLOYMENT_TARGET = 11.2;
				MTL_ENABLE_DEBUG_INFO = NO;
				SDKROOT = iphoneos;
				SWIFT_OPTIMIZATION_LEVEL = "-Owholemodule";
				VALIDATE_PRODUCT = YES;
			};
			name = Release;
		};
		874AF2662161FB06003E4002 /* Debug */ = {
			isa = XCBuildConfiguration;
			buildSettings = {
				ASSETCATALOG_COMPILER_APPICON_NAME = AppIcon;
				CODE_SIGN_STYLE = Automatic;
				INFOPLIST_FILE = SplitViewCasini/Info.plist;
				LD_RUNPATH_SEARCH_PATHS = "$(inherited) @executable_path/Frameworks";
				PRODUCT_BUNDLE_IDENTIFIER = TrungCatun.SplitViewCasini;
				PRODUCT_NAME = "$(TARGET_NAME)";
				SWIFT_VERSION = 4.0;
				TARGETED_DEVICE_FAMILY = "1,2";
			};
			name = Debug;
		};
		874AF2672161FB06003E4002 /* Release */ = {
			isa = XCBuildConfiguration;
			buildSettings = {
				ASSETCATALOG_COMPILER_APPICON_NAME = AppIcon;
				CODE_SIGN_STYLE = Automatic;
				INFOPLIST_FILE = SplitViewCasini/Info.plist;
				LD_RUNPATH_SEARCH_PATHS = "$(inherited) @executable_path/Frameworks";
				PRODUCT_BUNDLE_IDENTIFIER = TrungCatun.SplitViewCasini;
				PRODUCT_NAME = "$(TARGET_NAME)";
				SWIFT_VERSION = 4.0;
				TARGETED_DEVICE_FAMILY = "1,2";
			};
			name = Release;
		};
		874AF2692161FB06003E4002 /* Debug */ = {
			isa = XCBuildConfiguration;
			buildSettings = {
				ALWAYS_EMBED_SWIFT_STANDARD_LIBRARIES = YES;
				BUNDLE_LOADER = "$(TEST_HOST)";
				CODE_SIGN_STYLE = Automatic;
				INFOPLIST_FILE = SplitViewCasiniTests/Info.plist;
				LD_RUNPATH_SEARCH_PATHS = "$(inherited) @executable_path/Frameworks @loader_path/Frameworks";
				PRODUCT_BUNDLE_IDENTIFIER = TrungCatun.SplitViewCasiniTests;
				PRODUCT_NAME = "$(TARGET_NAME)";
				SWIFT_VERSION = 4.0;
				TARGETED_DEVICE_FAMILY = "1,2";
				TEST_HOST = "$(BUILT_PRODUCTS_DIR)/SplitViewCasini.app/SplitViewCasini";
			};
			name = Debug;
		};
		874AF26A2161FB06003E4002 /* Release */ = {
			isa = XCBuildConfiguration;
			buildSettings = {
				ALWAYS_EMBED_SWIFT_STANDARD_LIBRARIES = YES;
				BUNDLE_LOADER = "$(TEST_HOST)";
				CODE_SIGN_STYLE = Automatic;
				INFOPLIST_FILE = SplitViewCasiniTests/Info.plist;
				LD_RUNPATH_SEARCH_PATHS = "$(inherited) @executable_path/Frameworks @loader_path/Frameworks";
				PRODUCT_BUNDLE_IDENTIFIER = TrungCatun.SplitViewCasiniTests;
				PRODUCT_NAME = "$(TARGET_NAME)";
				SWIFT_VERSION = 4.0;
				TARGETED_DEVICE_FAMILY = "1,2";
				TEST_HOST = "$(BUILT_PRODUCTS_DIR)/SplitViewCasini.app/SplitViewCasini";
			};
			name = Release;
		};
/* End XCBuildConfiguration section */

/* Begin XCConfigurationList section */
		874AF2412161FB06003E4002 /* Build configuration list for PBXProject "SplitViewCasini" */ = {
			isa = XCConfigurationList;
			buildConfigurations = (
				874AF2632161FB06003E4002 /* Debug */,
				874AF2642161FB06003E4002 /* Release */,
			);
			defaultConfigurationIsVisible = 0;
			defaultConfigurationName = Release;
		};
		874AF2652161FB06003E4002 /* Build configuration list for PBXNativeTarget "SplitViewCasini" */ = {
			isa = XCConfigurationList;
			buildConfigurations = (
				874AF2662161FB06003E4002 /* Debug */,
				874AF2672161FB06003E4002 /* Release */,
			);
			defaultConfigurationIsVisible = 0;
			defaultConfigurationName = Release;
		};
		874AF2682161FB06003E4002 /* Build configuration list for PBXNativeTarget "SplitViewCasiniTests" */ = {
			isa = XCConfigurationList;
			buildConfigurations = (
				874AF2692161FB06003E4002 /* Debug */,
				874AF26A2161FB06003E4002 /* Release */,
			);
			defaultConfigurationIsVisible = 0;
			defaultConfigurationName = Release;
		};
/* End XCConfigurationList section */
	};
	rootObject = 874AF23E2161FB06003E4002 /* Project object */;
}
